
Microsoft Visual Studio Solution File, Format Version 12.00
# Visual Studio Version 17
VisualStudioVersion = 17.10.35004.147
MinimumVisualStudioVersion = 10.0.40219.1
Project("{FAE04EC0-301F-11D3-BF4B-00C04F79EFBC}") = "BankPresentation", "BankPresentation.csproj", "{51F3FF26-D4C6-4E9C-95D6-9473F979F441}"
EndProject
Global
	GlobalSection(SolutionConfigurationPlatforms) = preSolution
		Debug|Any CPU = Debug|Any CPU
		Release|Any CPU = Release|Any CPU
	EndGlobalSection
	GlobalSection(ProjectConfigurationPlatforms) = postSolution
		{51F3FF26-D4C6-4E9C-95D6-9473F979F441}.Debug|Any CPU.ActiveCfg = Debug|Any CPU
		{51F3FF26-D4C6-4E9C-95D6-9473F979F441}.Debug|Any CPU.Build.0 = Debug|Any CPU
		{51F3FF26-D4C6-4E9C-95D6-9473F979F441}.Release|Any CPU.ActiveCfg = Release|Any CPU
		{51F3FF26-D4C6-4E9C-95D6-9473F979F441}.Release|Any CPU.Build.0 = Release|Any CPU
	EndGlobalSection
	GlobalSection(SolutionProperties) = preSolution
		HideSolutionNode = FALSE
	EndGlobalSection
	GlobalSection(ExtensibilityGlobals) = postSolution
		SolutionGuid = {CEE99866-39F9-4174-8874-B32B4641EA6F}
	EndGlobalSection
EndGlobal
